// !$*UTF8*$!
{
	archiveVersion = 1;
	classes = {
	};
	objectVersion = 46;
	objects = {

/* Begin PBXBuildFile section */
		142D8CDC1D08E14300945AF9 /* GSScanningScreen.swift in Sources */ = {isa = PBXBuildFile; fileRef = 142D8CDB1D08E14300945AF9 /* GSScanningScreen.swift */; };
		142D8CDE1D08E36F00945AF9 /* GSPresentationScreen.swift in Sources */ = {isa = PBXBuildFile; fileRef = 142D8CDD1D08E36F00945AF9 /* GSPresentationScreen.swift */; };
		14757C6B1D00B8F700290B89 /* AppDelegate.swift in Sources */ = {isa = PBXBuildFile; fileRef = 14757C6A1D00B8F700290B89 /* AppDelegate.swift */; };
		14757C701D00B8F700290B89 /* Main.storyboard in Resources */ = {isa = PBXBuildFile; fileRef = 14757C6E1D00B8F700290B89 /* Main.storyboard */; };
		14757C721D00B8F700290B89 /* Assets.xcassets in Resources */ = {isa = PBXBuildFile; fileRef = 14757C711D00B8F700290B89 /* Assets.xcassets */; };
		14757C751D00B8F700290B89 /* LaunchScreen.storyboard in Resources */ = {isa = PBXBuildFile; fileRef = 14757C731D00B8F700290B89 /* LaunchScreen.storyboard */; };
		14757C851D00B9AC00290B89 /* main.swift in Sources */ = {isa = PBXBuildFile; fileRef = 14757C841D00B9AC00290B89 /* main.swift */; };
		14757C8B1D00B9E300290B89 /* SwiftyJSON.swift in Sources */ = {isa = PBXBuildFile; fileRef = 14757C8A1D00B9E300290B89 /* SwiftyJSON.swift */; };
		14757C8C1D00B9E300290B89 /* SwiftyJSON.swift in Sources */ = {isa = PBXBuildFile; fileRef = 14757C8A1D00B9E300290B89 /* SwiftyJSON.swift */; };
		14A671EE1D107DF100C86B5C /* AppDelegate.swift in Sources */ = {isa = PBXBuildFile; fileRef = 14A671ED1D107DF100C86B5C /* AppDelegate.swift */; };
		14A671F21D107DF100C86B5C /* Assets.xcassets in Resources */ = {isa = PBXBuildFile; fileRef = 14A671F11D107DF100C86B5C /* Assets.xcassets */; };
		14A671F51D107DF100C86B5C /* Main.storyboard in Resources */ = {isa = PBXBuildFile; fileRef = 14A671F31D107DF100C86B5C /* Main.storyboard */; };
		14A671FA1D10858D00C86B5C /* SwiftyJSON.swift in Sources */ = {isa = PBXBuildFile; fileRef = 14757C8A1D00B9E300290B89 /* SwiftyJSON.swift */; };
		14A671FF1D10A48500C86B5C /* gsremotehelper in Resources */ = {isa = PBXBuildFile; fileRef = 14757C821D00B9AC00290B89 /* gsremotehelper */; };
		14C43E871D0A3A97007A101B /* GSExtraScreen.swift in Sources */ = {isa = PBXBuildFile; fileRef = 14C43E861D0A3A97007A101B /* GSExtraScreen.swift */; };
		7709D65D1D2213220060BBC6 /* GSBluetoothPeripheral.swift in Sources */ = {isa = PBXBuildFile; fileRef = 7748BC961D06ADEC00F6B9A5 /* GSBluetoothPeripheral.swift */; };
		7709D65E1D2213220060BBC6 /* AppDelegate.swift in Sources */ = {isa = PBXBuildFile; fileRef = 14757C6A1D00B8F700290B89 /* AppDelegate.swift */; };
		7709D65F1D2213220060BBC6 /* VolumeHack.swift in Sources */ = {isa = PBXBuildFile; fileRef = 77695D0D1D0A5C4500F8E7B9 /* VolumeHack.swift */; };
		7709D6601D2213220060BBC6 /* SwiftyJSON.swift in Sources */ = {isa = PBXBuildFile; fileRef = 14757C8A1D00B9E300290B89 /* SwiftyJSON.swift */; };
		7709D6611D2213220060BBC6 /* GSScanningScreen.swift in Sources */ = {isa = PBXBuildFile; fileRef = 142D8CDB1D08E14300945AF9 /* GSScanningScreen.swift */; };
		7709D6621D2213220060BBC6 /* GSBluetoothScanner.swift in Sources */ = {isa = PBXBuildFile; fileRef = 7748BC941D06A65500F6B9A5 /* GSBluetoothScanner.swift */; };
		7709D6631D2213220060BBC6 /* GSPresentationScreen.swift in Sources */ = {isa = PBXBuildFile; fileRef = 142D8CDD1D08E36F00945AF9 /* GSPresentationScreen.swift */; };
		7709D6641D2213220060BBC6 /* GSConnectionScreen.swift in Sources */ = {isa = PBXBuildFile; fileRef = 77795C6F1D09346100975383 /* GSConnectionScreen.swift */; };
		7709D6651D2213220060BBC6 /* GSExtraScreen.swift in Sources */ = {isa = PBXBuildFile; fileRef = 14C43E861D0A3A97007A101B /* GSExtraScreen.swift */; };
		7709D6681D2213220060BBC6 /* LaunchScreen.storyboard in Resources */ = {isa = PBXBuildFile; fileRef = 14757C731D00B8F700290B89 /* LaunchScreen.storyboard */; };
		7709D6691D2213220060BBC6 /* Assets.xcassets in Resources */ = {isa = PBXBuildFile; fileRef = 14757C711D00B8F700290B89 /* Assets.xcassets */; };
		7709D66A1D2213220060BBC6 /* Main.storyboard in Resources */ = {isa = PBXBuildFile; fileRef = 14757C6E1D00B8F700290B89 /* Main.storyboard */; };
		7738DED91D127AE2006F57DF /* InstallerViewController.swift in Sources */ = {isa = PBXBuildFile; fileRef = 7738DED71D127A1B006F57DF /* InstallerViewController.swift */; };
		77392CF61D0BDCDF00EF57E9 /* MouseWheel.m in Sources */ = {isa = PBXBuildFile; fileRef = 77392CF51D0BDCDF00EF57E9 /* MouseWheel.m */; };
		7748BC911D0699C900F6B9A5 /* GSBluetoothAdvertiser.swift in Sources */ = {isa = PBXBuildFile; fileRef = 7748BC901D0699C900F6B9A5 /* GSBluetoothAdvertiser.swift */; };
		7748BC931D069F8200F6B9A5 /* GSBluetoothCentral.swift in Sources */ = {isa = PBXBuildFile; fileRef = 7748BC921D069F8200F6B9A5 /* GSBluetoothCentral.swift */; };
		7748BC951D06A65500F6B9A5 /* GSBluetoothScanner.swift in Sources */ = {isa = PBXBuildFile; fileRef = 7748BC941D06A65500F6B9A5 /* GSBluetoothScanner.swift */; };
		7748BC971D06ADEC00F6B9A5 /* GSBluetoothPeripheral.swift in Sources */ = {isa = PBXBuildFile; fileRef = 7748BC961D06ADEC00F6B9A5 /* GSBluetoothPeripheral.swift */; };
		77695D0E1D0A5C4500F8E7B9 /* VolumeHack.swift in Sources */ = {isa = PBXBuildFile; fileRef = 77695D0D1D0A5C4500F8E7B9 /* VolumeHack.swift */; };
		776AC9771D83875A007F8CD8 /* SCBluetoothCentral.swift in Sources */ = {isa = PBXBuildFile; fileRef = 7795C4221D28E03C00F3359F /* SCBluetoothCentral.swift */; };
		776AC9791D84EC98007F8CD8 /* SCBluetoothPeripheral.swift in Sources */ = {isa = PBXBuildFile; fileRef = 776AC9781D84EC98007F8CD8 /* SCBluetoothPeripheral.swift */; };
		776AC97A1D84EC98007F8CD8 /* SCBluetoothPeripheral.swift in Sources */ = {isa = PBXBuildFile; fileRef = 776AC9781D84EC98007F8CD8 /* SCBluetoothPeripheral.swift */; };
		776AC97C1D84ECAC007F8CD8 /* SCBluetoothPeripheralDelegate.swift in Sources */ = {isa = PBXBuildFile; fileRef = 776AC97B1D84ECAC007F8CD8 /* SCBluetoothPeripheralDelegate.swift */; };
		776AC97D1D84ECAC007F8CD8 /* SCBluetoothPeripheralDelegate.swift in Sources */ = {isa = PBXBuildFile; fileRef = 776AC97B1D84ECAC007F8CD8 /* SCBluetoothPeripheralDelegate.swift */; };
		776AC9AA1D84F5C8007F8CD8 /* SCBluetoothAdvertiser.swift in Sources */ = {isa = PBXBuildFile; fileRef = 77727FAF1D2644B30030E64F /* SCBluetoothAdvertiser.swift */; };
		776AC9AB1D84F5C8007F8CD8 /* SCBluetoothCentral.swift in Sources */ = {isa = PBXBuildFile; fileRef = 7795C4221D28E03C00F3359F /* SCBluetoothCentral.swift */; };
		776AC9AC1D84F5C8007F8CD8 /* SCBluetoothCentralDelegate.swift in Sources */ = {isa = PBXBuildFile; fileRef = 77E6C3B21D2CC6B2009D7CC5 /* SCBluetoothCentralDelegate.swift */; };
		776AC9AD1D84F5C8007F8CD8 /* SCBluetoothPeripheral.swift in Sources */ = {isa = PBXBuildFile; fileRef = 776AC9781D84EC98007F8CD8 /* SCBluetoothPeripheral.swift */; };
		776AC9AE1D84F5C8007F8CD8 /* SCBluetoothPeripheralDelegate.swift in Sources */ = {isa = PBXBuildFile; fileRef = 776AC97B1D84ECAC007F8CD8 /* SCBluetoothPeripheralDelegate.swift */; };
		776AC9AF1D84F5C8007F8CD8 /* SCCommon.swift in Sources */ = {isa = PBXBuildFile; fileRef = 77BE9CA71D28C34200DC1F02 /* SCCommon.swift */; };
		776AC9B01D84F5C8007F8CD8 /* SCPeer.swift in Sources */ = {isa = PBXBuildFile; fileRef = 7795C4271D28E6BF00F3359F /* SCPeer.swift */; };
		776AC9B11D84F5C9007F8CD8 /* SCBluetoothAdvertiser.swift in Sources */ = {isa = PBXBuildFile; fileRef = 77727FAF1D2644B30030E64F /* SCBluetoothAdvertiser.swift */; };
		776AC9B21D84F5C9007F8CD8 /* SCBluetoothCentral.swift in Sources */ = {isa = PBXBuildFile; fileRef = 7795C4221D28E03C00F3359F /* SCBluetoothCentral.swift */; };
		776AC9B31D84F5C9007F8CD8 /* SCBluetoothCentralDelegate.swift in Sources */ = {isa = PBXBuildFile; fileRef = 77E6C3B21D2CC6B2009D7CC5 /* SCBluetoothCentralDelegate.swift */; };
		776AC9B41D84F5C9007F8CD8 /* SCBluetoothPeripheral.swift in Sources */ = {isa = PBXBuildFile; fileRef = 776AC9781D84EC98007F8CD8 /* SCBluetoothPeripheral.swift */; };
		776AC9B51D84F5C9007F8CD8 /* SCBluetoothPeripheralDelegate.swift in Sources */ = {isa = PBXBuildFile; fileRef = 776AC97B1D84ECAC007F8CD8 /* SCBluetoothPeripheralDelegate.swift */; };
		776AC9B61D84F5C9007F8CD8 /* SCCommon.swift in Sources */ = {isa = PBXBuildFile; fileRef = 77BE9CA71D28C34200DC1F02 /* SCCommon.swift */; };
		776AC9B71D84F5C9007F8CD8 /* SCPeer.swift in Sources */ = {isa = PBXBuildFile; fileRef = 7795C4271D28E6BF00F3359F /* SCPeer.swift */; };
		776AC9B81D84F5C9007F8CD8 /* SCBluetoothAdvertiser.swift in Sources */ = {isa = PBXBuildFile; fileRef = 77727FAF1D2644B30030E64F /* SCBluetoothAdvertiser.swift */; };
		776AC9B91D84F5C9007F8CD8 /* SCBluetoothCentral.swift in Sources */ = {isa = PBXBuildFile; fileRef = 7795C4221D28E03C00F3359F /* SCBluetoothCentral.swift */; };
		776AC9BA1D84F5C9007F8CD8 /* SCBluetoothCentralDelegate.swift in Sources */ = {isa = PBXBuildFile; fileRef = 77E6C3B21D2CC6B2009D7CC5 /* SCBluetoothCentralDelegate.swift */; };
		776AC9BB1D84F5C9007F8CD8 /* SCBluetoothPeripheral.swift in Sources */ = {isa = PBXBuildFile; fileRef = 776AC9781D84EC98007F8CD8 /* SCBluetoothPeripheral.swift */; };
		776AC9BC1D84F5C9007F8CD8 /* SCBluetoothPeripheralDelegate.swift in Sources */ = {isa = PBXBuildFile; fileRef = 776AC97B1D84ECAC007F8CD8 /* SCBluetoothPeripheralDelegate.swift */; };
		776AC9BD1D84F5C9007F8CD8 /* SCCommon.swift in Sources */ = {isa = PBXBuildFile; fileRef = 77BE9CA71D28C34200DC1F02 /* SCCommon.swift */; };
		776AC9BE1D84F5C9007F8CD8 /* SCPeer.swift in Sources */ = {isa = PBXBuildFile; fileRef = 7795C4271D28E6BF00F3359F /* SCPeer.swift */; };
		776AC9BF1D84F5C9007F8CD8 /* SwiftyJSON.swift in Sources */ = {isa = PBXBuildFile; fileRef = 14757C8A1D00B9E300290B89 /* SwiftyJSON.swift */; };
		776AC9C01D84F5C9007F8CD8 /* StringExtensions.swift in Sources */ = {isa = PBXBuildFile; fileRef = 77727FA91D223E480030E64F /* StringExtensions.swift */; };
		776AC9C11D84F6D5007F8CD8 /* AppDelegate.swift in Sources */ = {isa = PBXBuildFile; fileRef = 776AC9841D84F587007F8CD8 /* AppDelegate.swift */; };
		776AC9C21D84F6D5007F8CD8 /* ViewController.swift in Sources */ = {isa = PBXBuildFile; fileRef = 776AC9861D84F587007F8CD8 /* ViewController.swift */; };
		776AC9C31D84F6E2007F8CD8 /* Main.storyboard in Resources */ = {isa = PBXBuildFile; fileRef = 776AC9881D84F587007F8CD8 /* Main.storyboard */; };
		776AC9C41D84F6E5007F8CD8 /* Assets.xcassets in Resources */ = {isa = PBXBuildFile; fileRef = 776AC98B1D84F587007F8CD8 /* Assets.xcassets */; };
		776AC9C51D84F6E8007F8CD8 /* LaunchScreen.storyboard in Resources */ = {isa = PBXBuildFile; fileRef = 776AC98D1D84F587007F8CD8 /* LaunchScreen.storyboard */; };
		77727FAA1D223E480030E64F /* StringExtensions.swift in Sources */ = {isa = PBXBuildFile; fileRef = 77727FA91D223E480030E64F /* StringExtensions.swift */; };
		77727FAB1D223E480030E64F /* StringExtensions.swift in Sources */ = {isa = PBXBuildFile; fileRef = 77727FA91D223E480030E64F /* StringExtensions.swift */; };
		77727FAC1D223E480030E64F /* StringExtensions.swift in Sources */ = {isa = PBXBuildFile; fileRef = 77727FA91D223E480030E64F /* StringExtensions.swift */; };
		77727FAD1D223E480030E64F /* StringExtensions.swift in Sources */ = {isa = PBXBuildFile; fileRef = 77727FA91D223E480030E64F /* StringExtensions.swift */; };
		77727FB01D2644B30030E64F /* SCBluetoothAdvertiser.swift in Sources */ = {isa = PBXBuildFile; fileRef = 77727FAF1D2644B30030E64F /* SCBluetoothAdvertiser.swift */; };
		77727FB11D2647630030E64F /* SCBluetoothAdvertiser.swift in Sources */ = {isa = PBXBuildFile; fileRef = 77727FAF1D2644B30030E64F /* SCBluetoothAdvertiser.swift */; };
		77795C701D09346100975383 /* GSConnectionScreen.swift in Sources */ = {isa = PBXBuildFile; fileRef = 77795C6F1D09346100975383 /* GSConnectionScreen.swift */; };
		7791B3E01D94CC4600ECF7FB /* SCDataTransmission.swift in Sources */ = {isa = PBXBuildFile; fileRef = 7791B3DF1D94CC4600ECF7FB /* SCDataTransmission.swift */; };
		7791B3E11D94CC4600ECF7FB /* SCDataTransmission.swift in Sources */ = {isa = PBXBuildFile; fileRef = 7791B3DF1D94CC4600ECF7FB /* SCDataTransmission.swift */; };
		7791B3E21D94CC4600ECF7FB /* SCDataTransmission.swift in Sources */ = {isa = PBXBuildFile; fileRef = 7791B3DF1D94CC4600ECF7FB /* SCDataTransmission.swift */; };
		7791B3E31D94CC4600ECF7FB /* SCDataTransmission.swift in Sources */ = {isa = PBXBuildFile; fileRef = 7791B3DF1D94CC4600ECF7FB /* SCDataTransmission.swift */; };
		7791B3E41D94CC4600ECF7FB /* SCDataTransmission.swift in Sources */ = {isa = PBXBuildFile; fileRef = 7791B3DF1D94CC4600ECF7FB /* SCDataTransmission.swift */; };
		7791B3E61D94CC6200ECF7FB /* SCDataReception.swift in Sources */ = {isa = PBXBuildFile; fileRef = 7791B3E51D94CC6200ECF7FB /* SCDataReception.swift */; };
		7791B3E71D94CC6200ECF7FB /* SCDataReception.swift in Sources */ = {isa = PBXBuildFile; fileRef = 7791B3E51D94CC6200ECF7FB /* SCDataReception.swift */; };
		7791B3E81D94CC6200ECF7FB /* SCDataReception.swift in Sources */ = {isa = PBXBuildFile; fileRef = 7791B3E51D94CC6200ECF7FB /* SCDataReception.swift */; };
		7791B3E91D94CC6200ECF7FB /* SCDataReception.swift in Sources */ = {isa = PBXBuildFile; fileRef = 7791B3E51D94CC6200ECF7FB /* SCDataReception.swift */; };
		7791B3EA1D94CC6200ECF7FB /* SCDataReception.swift in Sources */ = {isa = PBXBuildFile; fileRef = 7791B3E51D94CC6200ECF7FB /* SCDataReception.swift */; };
		7795C4231D28E03C00F3359F /* SCBluetoothCentral.swift in Sources */ = {isa = PBXBuildFile; fileRef = 7795C4221D28E03C00F3359F /* SCBluetoothCentral.swift */; };
		7795C4251D28E61C00F3359F /* SCRemoteFile.swift in Sources */ = {isa = PBXBuildFile; fileRef = 7795C4241D28E61C00F3359F /* SCRemoteFile.swift */; };
		7795C4261D28E69000F3359F /* SCRemoteFile.swift in Sources */ = {isa = PBXBuildFile; fileRef = 7795C4241D28E61C00F3359F /* SCRemoteFile.swift */; };
		7795C4281D28E6BF00F3359F /* SCPeer.swift in Sources */ = {isa = PBXBuildFile; fileRef = 7795C4271D28E6BF00F3359F /* SCPeer.swift */; };
		7795C4291D28E6D000F3359F /* SCPeer.swift in Sources */ = {isa = PBXBuildFile; fileRef = 7795C4271D28E6BF00F3359F /* SCPeer.swift */; };
		77BE9CA81D28C34200DC1F02 /* SCCommon.swift in Sources */ = {isa = PBXBuildFile; fileRef = 77BE9CA71D28C34200DC1F02 /* SCCommon.swift */; };
		77BE9CA91D28C41400DC1F02 /* SCCommon.swift in Sources */ = {isa = PBXBuildFile; fileRef = 77BE9CA71D28C34200DC1F02 /* SCCommon.swift */; };
		77E6C3B31D2CC6B2009D7CC5 /* SCBluetoothCentralDelegate.swift in Sources */ = {isa = PBXBuildFile; fileRef = 77E6C3B21D2CC6B2009D7CC5 /* SCBluetoothCentralDelegate.swift */; };
		77E6C3B41D2CC6B2009D7CC5 /* SCBluetoothCentralDelegate.swift in Sources */ = {isa = PBXBuildFile; fileRef = 77E6C3B21D2CC6B2009D7CC5 /* SCBluetoothCentralDelegate.swift */; };
		77F89C641D0539EA0044624D /* GSChromeBridge.swift in Sources */ = {isa = PBXBuildFile; fileRef = 77F89C631D0539EA0044624D /* GSChromeBridge.swift */; };
/* End PBXBuildFile section */

/* Begin PBXContainerItemProxy section */
		14A671FD1D10A47C00C86B5C /* PBXContainerItemProxy */ = {
			isa = PBXContainerItemProxy;
			containerPortal = 14757C5F1D00B8F700290B89 /* Project object */;
			proxyType = 1;
			remoteGlobalIDString = 14757C811D00B9AC00290B89;
			remoteInfo = gsremotehelper;
		};
/* End PBXContainerItemProxy section */

/* Begin PBXCopyFilesBuildPhase section */
		14757C801D00B9AC00290B89 /* CopyFiles */ = {
			isa = PBXCopyFilesBuildPhase;
			buildActionMask = 2147483647;
			dstPath = /usr/share/man/man1/;
			dstSubfolderSpec = 0;
			files = (
			);
			runOnlyForDeploymentPostprocessing = 1;
		};
/* End PBXCopyFilesBuildPhase section */

/* Begin PBXFileReference section */
		142D8CDB1D08E14300945AF9 /* GSScanningScreen.swift */ = {isa = PBXFileReference; fileEncoding = 4; lastKnownFileType = sourcecode.swift; path = GSScanningScreen.swift; sourceTree = "<group>"; };
		142D8CDD1D08E36F00945AF9 /* GSPresentationScreen.swift */ = {isa = PBXFileReference; fileEncoding = 4; lastKnownFileType = sourcecode.swift; path = GSPresentationScreen.swift; sourceTree = "<group>"; };
		14757C671D00B8F700290B89 /* GSRemote-iOS.app */ = {isa = PBXFileReference; explicitFileType = wrapper.application; includeInIndex = 0; path = "GSRemote-iOS.app"; sourceTree = BUILT_PRODUCTS_DIR; };
		14757C6A1D00B8F700290B89 /* AppDelegate.swift */ = {isa = PBXFileReference; lastKnownFileType = sourcecode.swift; path = AppDelegate.swift; sourceTree = "<group>"; };
		14757C6F1D00B8F700290B89 /* Base */ = {isa = PBXFileReference; lastKnownFileType = file.storyboard; name = Base; path = Base.lproj/Main.storyboard; sourceTree = "<group>"; };
		14757C711D00B8F700290B89 /* Assets.xcassets */ = {isa = PBXFileReference; lastKnownFileType = folder.assetcatalog; path = Assets.xcassets; sourceTree = "<group>"; };
		14757C741D00B8F700290B89 /* Base */ = {isa = PBXFileReference; lastKnownFileType = file.storyboard; name = Base; path = Base.lproj/LaunchScreen.storyboard; sourceTree = "<group>"; };
		14757C761D00B8F700290B89 /* Info.plist */ = {isa = PBXFileReference; lastKnownFileType = text.plist.xml; path = Info.plist; sourceTree = "<group>"; };
		14757C821D00B9AC00290B89 /* gsremotehelper */ = {isa = PBXFileReference; explicitFileType = "compiled.mach-o.executable"; includeInIndex = 0; path = gsremotehelper; sourceTree = BUILT_PRODUCTS_DIR; };
		14757C841D00B9AC00290B89 /* main.swift */ = {isa = PBXFileReference; lastKnownFileType = sourcecode.swift; path = main.swift; sourceTree = "<group>"; };
		14757C8A1D00B9E300290B89 /* SwiftyJSON.swift */ = {isa = PBXFileReference; fileEncoding = 4; lastKnownFileType = sourcecode.swift; path = SwiftyJSON.swift; sourceTree = "<group>"; };
		14A671EB1D107DF100C86B5C /* GSRemote Installer.app */ = {isa = PBXFileReference; explicitFileType = wrapper.application; includeInIndex = 0; path = "GSRemote Installer.app"; sourceTree = BUILT_PRODUCTS_DIR; };
		14A671ED1D107DF100C86B5C /* AppDelegate.swift */ = {isa = PBXFileReference; lastKnownFileType = sourcecode.swift; path = AppDelegate.swift; sourceTree = "<group>"; };
		14A671F11D107DF100C86B5C /* Assets.xcassets */ = {isa = PBXFileReference; lastKnownFileType = folder.assetcatalog; path = Assets.xcassets; sourceTree = "<group>"; };
		14A671F41D107DF100C86B5C /* Base */ = {isa = PBXFileReference; lastKnownFileType = file.storyboard; name = Base; path = Base.lproj/Main.storyboard; sourceTree = "<group>"; };
		14A671F61D107DF100C86B5C /* Info.plist */ = {isa = PBXFileReference; lastKnownFileType = text.plist.xml; path = Info.plist; sourceTree = "<group>"; };
		14C43E861D0A3A97007A101B /* GSExtraScreen.swift */ = {isa = PBXFileReference; fileEncoding = 4; lastKnownFileType = sourcecode.swift; path = GSExtraScreen.swift; sourceTree = "<group>"; };
		7709D66E1D2213220060BBC6 /* GSRemote-iOSExport.app */ = {isa = PBXFileReference; explicitFileType = wrapper.application; includeInIndex = 0; path = "GSRemote-iOSExport.app"; sourceTree = BUILT_PRODUCTS_DIR; };
		7738DED71D127A1B006F57DF /* InstallerViewController.swift */ = {isa = PBXFileReference; fileEncoding = 4; lastKnownFileType = sourcecode.swift; path = InstallerViewController.swift; sourceTree = "<group>"; };
		77392CF31D0BDCDF00EF57E9 /* gsremotehelper-Bridging-Header.h */ = {isa = PBXFileReference; lastKnownFileType = sourcecode.c.h; path = "gsremotehelper-Bridging-Header.h"; sourceTree = "<group>"; };
		77392CF41D0BDCDF00EF57E9 /* MouseWheel.h */ = {isa = PBXFileReference; fileEncoding = 4; lastKnownFileType = sourcecode.c.h; path = MouseWheel.h; sourceTree = "<group>"; };
		77392CF51D0BDCDF00EF57E9 /* MouseWheel.m */ = {isa = PBXFileReference; fileEncoding = 4; lastKnownFileType = sourcecode.c.objc; path = MouseWheel.m; sourceTree = "<group>"; };
		7748BC901D0699C900F6B9A5 /* GSBluetoothAdvertiser.swift */ = {isa = PBXFileReference; fileEncoding = 4; lastKnownFileType = sourcecode.swift; path = GSBluetoothAdvertiser.swift; sourceTree = "<group>"; };
		7748BC921D069F8200F6B9A5 /* GSBluetoothCentral.swift */ = {isa = PBXFileReference; fileEncoding = 4; lastKnownFileType = sourcecode.swift; path = GSBluetoothCentral.swift; sourceTree = "<group>"; };
		7748BC941D06A65500F6B9A5 /* GSBluetoothScanner.swift */ = {isa = PBXFileReference; fileEncoding = 4; lastKnownFileType = sourcecode.swift; path = GSBluetoothScanner.swift; sourceTree = "<group>"; };
		7748BC961D06ADEC00F6B9A5 /* GSBluetoothPeripheral.swift */ = {isa = PBXFileReference; fileEncoding = 4; lastKnownFileType = sourcecode.swift; path = GSBluetoothPeripheral.swift; sourceTree = "<group>"; };
		77695D0D1D0A5C4500F8E7B9 /* VolumeHack.swift */ = {isa = PBXFileReference; fileEncoding = 4; lastKnownFileType = sourcecode.swift; path = VolumeHack.swift; sourceTree = "<group>"; };
		776AC9781D84EC98007F8CD8 /* SCBluetoothPeripheral.swift */ = {isa = PBXFileReference; fileEncoding = 4; lastKnownFileType = sourcecode.swift; name = SCBluetoothPeripheral.swift; path = StarConnectivity/SCBluetoothPeripheral.swift; sourceTree = "<group>"; };
		776AC97B1D84ECAC007F8CD8 /* SCBluetoothPeripheralDelegate.swift */ = {isa = PBXFileReference; fileEncoding = 4; lastKnownFileType = sourcecode.swift; name = SCBluetoothPeripheralDelegate.swift; path = StarConnectivity/SCBluetoothPeripheralDelegate.swift; sourceTree = "<group>"; };
		776AC9841D84F587007F8CD8 /* AppDelegate.swift */ = {isa = PBXFileReference; lastKnownFileType = sourcecode.swift; path = AppDelegate.swift; sourceTree = "<group>"; };
		776AC9861D84F587007F8CD8 /* ViewController.swift */ = {isa = PBXFileReference; lastKnownFileType = sourcecode.swift; path = ViewController.swift; sourceTree = "<group>"; };
		776AC9891D84F587007F8CD8 /* Base */ = {isa = PBXFileReference; lastKnownFileType = file.storyboard; name = Base; path = Base.lproj/Main.storyboard; sourceTree = "<group>"; };
		776AC98B1D84F587007F8CD8 /* Assets.xcassets */ = {isa = PBXFileReference; lastKnownFileType = folder.assetcatalog; path = Assets.xcassets; sourceTree = "<group>"; };
		776AC98E1D84F587007F8CD8 /* Base */ = {isa = PBXFileReference; lastKnownFileType = file.storyboard; name = Base; path = Base.lproj/LaunchScreen.storyboard; sourceTree = "<group>"; };
		776AC9901D84F587007F8CD8 /* Info.plist */ = {isa = PBXFileReference; lastKnownFileType = text.plist.xml; path = Info.plist; sourceTree = "<group>"; };
		776AC9981D84F5A1007F8CD8 /* SCTest.app */ = {isa = PBXFileReference; explicitFileType = wrapper.application; includeInIndex = 0; path = SCTest.app; sourceTree = BUILT_PRODUCTS_DIR; };
		77727FA91D223E480030E64F /* StringExtensions.swift */ = {isa = PBXFileReference; fileEncoding = 4; lastKnownFileType = sourcecode.swift; path = StringExtensions.swift; sourceTree = "<group>"; };
		77727FAF1D2644B30030E64F /* SCBluetoothAdvertiser.swift */ = {isa = PBXFileReference; fileEncoding = 4; lastKnownFileType = sourcecode.swift; name = SCBluetoothAdvertiser.swift; path = StarConnectivity/SCBluetoothAdvertiser.swift; sourceTree = "<group>"; };
		77795C6F1D09346100975383 /* GSConnectionScreen.swift */ = {isa = PBXFileReference; fileEncoding = 4; lastKnownFileType = sourcecode.swift; path = GSConnectionScreen.swift; sourceTree = "<group>"; };
		7791B3DF1D94CC4600ECF7FB /* SCDataTransmission.swift */ = {isa = PBXFileReference; fileEncoding = 4; lastKnownFileType = sourcecode.swift; name = SCDataTransmission.swift; path = StarConnectivity/SCDataTransmission.swift; sourceTree = "<group>"; };
		7791B3E51D94CC6200ECF7FB /* SCDataReception.swift */ = {isa = PBXFileReference; fileEncoding = 4; lastKnownFileType = sourcecode.swift; name = SCDataReception.swift; path = StarConnectivity/SCDataReception.swift; sourceTree = "<group>"; };
		7795C4221D28E03C00F3359F /* SCBluetoothCentral.swift */ = {isa = PBXFileReference; fileEncoding = 4; lastKnownFileType = sourcecode.swift; name = SCBluetoothCentral.swift; path = StarConnectivity/SCBluetoothCentral.swift; sourceTree = "<group>"; };
		7795C4241D28E61C00F3359F /* SCRemoteFile.swift */ = {isa = PBXFileReference; fileEncoding = 4; lastKnownFileType = sourcecode.swift; name = SCRemoteFile.swift; path = StarConnectivity/SCRemoteFile.swift; sourceTree = "<group>"; };
		7795C4271D28E6BF00F3359F /* SCPeer.swift */ = {isa = PBXFileReference; fileEncoding = 4; lastKnownFileType = sourcecode.swift; name = SCPeer.swift; path = StarConnectivity/SCPeer.swift; sourceTree = "<group>"; };
		77BE9CA71D28C34200DC1F02 /* SCCommon.swift */ = {isa = PBXFileReference; fileEncoding = 4; lastKnownFileType = sourcecode.swift; name = SCCommon.swift; path = StarConnectivity/SCCommon.swift; sourceTree = "<group>"; };
		77E6C3B21D2CC6B2009D7CC5 /* SCBluetoothCentralDelegate.swift */ = {isa = PBXFileReference; fileEncoding = 4; lastKnownFileType = sourcecode.swift; name = SCBluetoothCentralDelegate.swift; path = StarConnectivity/SCBluetoothCentralDelegate.swift; sourceTree = "<group>"; };
		77F89C631D0539EA0044624D /* GSChromeBridge.swift */ = {isa = PBXFileReference; fileEncoding = 4; lastKnownFileType = sourcecode.swift; path = GSChromeBridge.swift; sourceTree = "<group>"; };
/* End PBXFileReference section */

/* Begin PBXFrameworksBuildPhase section */
		14757C641D00B8F700290B89 /* Frameworks */ = {
			isa = PBXFrameworksBuildPhase;
			buildActionMask = 2147483647;
			files = (
			);
			runOnlyForDeploymentPostprocessing = 0;
		};
		14757C7F1D00B9AC00290B89 /* Frameworks */ = {
			isa = PBXFrameworksBuildPhase;
			buildActionMask = 2147483647;
			files = (
			);
			runOnlyForDeploymentPostprocessing = 0;
		};
		14A671E81D107DF100C86B5C /* Frameworks */ = {
			isa = PBXFrameworksBuildPhase;
			buildActionMask = 2147483647;
			files = (
			);
			runOnlyForDeploymentPostprocessing = 0;
		};
		7709D6661D2213220060BBC6 /* Frameworks */ = {
			isa = PBXFrameworksBuildPhase;
			buildActionMask = 2147483647;
			files = (
			);
			runOnlyForDeploymentPostprocessing = 0;
		};
		776AC9951D84F5A1007F8CD8 /* Frameworks */ = {
			isa = PBXFrameworksBuildPhase;
			buildActionMask = 2147483647;
			files = (
			);
			runOnlyForDeploymentPostprocessing = 0;
		};
/* End PBXFrameworksBuildPhase section */

/* Begin PBXGroup section */
		14757C5E1D00B8F700290B89 = {
			isa = PBXGroup;
			children = (
				14757C891D00B9D700290B89 /* Common */,
				14757C691D00B8F700290B89 /* GSRemote */,
				14757C831D00B9AC00290B89 /* gsremotehelper */,
				14A671EC1D107DF100C86B5C /* GSRemoteMac */,
				776AC9831D84F587007F8CD8 /* SCTest */,
				14757C681D00B8F700290B89 /* Products */,
			);
			sourceTree = "<group>";
		};
		14757C681D00B8F700290B89 /* Products */ = {
			isa = PBXGroup;
			children = (
				14757C671D00B8F700290B89 /* GSRemote-iOS.app */,
				14757C821D00B9AC00290B89 /* gsremotehelper */,
				14A671EB1D107DF100C86B5C /* GSRemote Installer.app */,
				7709D66E1D2213220060BBC6 /* GSRemote-iOSExport.app */,
				776AC9981D84F5A1007F8CD8 /* SCTest.app */,
			);
			name = Products;
			sourceTree = "<group>";
		};
		14757C691D00B8F700290B89 /* GSRemote */ = {
			isa = PBXGroup;
			children = (
				14757C6A1D00B8F700290B89 /* AppDelegate.swift */,
				142D8CDB1D08E14300945AF9 /* GSScanningScreen.swift */,
				77795C6F1D09346100975383 /* GSConnectionScreen.swift */,
				142D8CDD1D08E36F00945AF9 /* GSPresentationScreen.swift */,
				14C43E861D0A3A97007A101B /* GSExtraScreen.swift */,
				77695D0D1D0A5C4500F8E7B9 /* VolumeHack.swift */,
				77795C6E1D092E8100975383 /* Bluetooth */,
				14757C6E1D00B8F700290B89 /* Main.storyboard */,
				14757C711D00B8F700290B89 /* Assets.xcassets */,
				14757C731D00B8F700290B89 /* LaunchScreen.storyboard */,
				14757C761D00B8F700290B89 /* Info.plist */,
			);
			path = GSRemote;
			sourceTree = "<group>";
		};
		14757C831D00B9AC00290B89 /* gsremotehelper */ = {
			isa = PBXGroup;
			children = (
				14757C841D00B9AC00290B89 /* main.swift */,
				77F89C631D0539EA0044624D /* GSChromeBridge.swift */,
				7748BC901D0699C900F6B9A5 /* GSBluetoothAdvertiser.swift */,
				7748BC921D069F8200F6B9A5 /* GSBluetoothCentral.swift */,
				77392CF41D0BDCDF00EF57E9 /* MouseWheel.h */,
				77392CF51D0BDCDF00EF57E9 /* MouseWheel.m */,
				77392CF31D0BDCDF00EF57E9 /* gsremotehelper-Bridging-Header.h */,
			);
			path = gsremotehelper;
			sourceTree = "<group>";
		};
		14757C891D00B9D700290B89 /* Common */ = {
			isa = PBXGroup;
			children = (
				77727FAE1D2644680030E64F /* StarConnectivity */,
				14757C8A1D00B9E300290B89 /* SwiftyJSON.swift */,
				7795C4241D28E61C00F3359F /* SCRemoteFile.swift */,
				77727FA91D223E480030E64F /* StringExtensions.swift */,
			);
			name = Common;
			sourceTree = "<group>";
		};
		14A671EC1D107DF100C86B5C /* GSRemoteMac */ = {
			isa = PBXGroup;
			children = (
				14A671ED1D107DF100C86B5C /* AppDelegate.swift */,
				7738DED71D127A1B006F57DF /* InstallerViewController.swift */,
				14A671F11D107DF100C86B5C /* Assets.xcassets */,
				14A671F31D107DF100C86B5C /* Main.storyboard */,
				14A671F61D107DF100C86B5C /* Info.plist */,
			);
			path = GSRemoteMac;
			sourceTree = "<group>";
		};
		776AC9831D84F587007F8CD8 /* SCTest */ = {
			isa = PBXGroup;
			children = (
				776AC9841D84F587007F8CD8 /* AppDelegate.swift */,
				776AC9861D84F587007F8CD8 /* ViewController.swift */,
				776AC9881D84F587007F8CD8 /* Main.storyboard */,
				776AC98B1D84F587007F8CD8 /* Assets.xcassets */,
				776AC98D1D84F587007F8CD8 /* LaunchScreen.storyboard */,
				776AC9901D84F587007F8CD8 /* Info.plist */,
			);
			path = SCTest;
			sourceTree = "<group>";
		};
		77727FAE1D2644680030E64F /* StarConnectivity */ = {
			isa = PBXGroup;
			children = (
				77727FAF1D2644B30030E64F /* SCBluetoothAdvertiser.swift */,
				7795C4221D28E03C00F3359F /* SCBluetoothCentral.swift */,
				77E6C3B21D2CC6B2009D7CC5 /* SCBluetoothCentralDelegate.swift */,
				776AC9781D84EC98007F8CD8 /* SCBluetoothPeripheral.swift */,
				776AC97B1D84ECAC007F8CD8 /* SCBluetoothPeripheralDelegate.swift */,
				77BE9CA71D28C34200DC1F02 /* SCCommon.swift */,
				7795C4271D28E6BF00F3359F /* SCPeer.swift */,
				7791B3DF1D94CC4600ECF7FB /* SCDataTransmission.swift */,
				7791B3E51D94CC6200ECF7FB /* SCDataReception.swift */,
			);
			name = StarConnectivity;
			sourceTree = "<group>";
		};
		77795C6E1D092E8100975383 /* Bluetooth */ = {
			isa = PBXGroup;
			children = (
				7748BC941D06A65500F6B9A5 /* GSBluetoothScanner.swift */,
				7748BC961D06ADEC00F6B9A5 /* GSBluetoothPeripheral.swift */,
			);
			name = Bluetooth;
			sourceTree = "<group>";
		};
/* End PBXGroup section */

/* Begin PBXNativeTarget section */
		14757C661D00B8F700290B89 /* GSRemote-iOS */ = {
			isa = PBXNativeTarget;
			buildConfigurationList = 14757C791D00B8F700290B89 /* Build configuration list for PBXNativeTarget "GSRemote-iOS" */;
			buildPhases = (
				14757C631D00B8F700290B89 /* Sources */,
				14757C641D00B8F700290B89 /* Frameworks */,
				14757C651D00B8F700290B89 /* Resources */,
			);
			buildRules = (
			);
			dependencies = (
			);
			name = "GSRemote-iOS";
			productName = GSRemote;
			productReference = 14757C671D00B8F700290B89 /* GSRemote-iOS.app */;
			productType = "com.apple.product-type.application";
		};
		14757C811D00B9AC00290B89 /* gsremotehelper */ = {
			isa = PBXNativeTarget;
			buildConfigurationList = 14757C861D00B9AC00290B89 /* Build configuration list for PBXNativeTarget "gsremotehelper" */;
			buildPhases = (
				14757C7E1D00B9AC00290B89 /* Sources */,
				14757C7F1D00B9AC00290B89 /* Frameworks */,
				14757C801D00B9AC00290B89 /* CopyFiles */,
			);
			buildRules = (
			);
			dependencies = (
			);
			name = gsremotehelper;
			productName = gsremotehelper;
			productReference = 14757C821D00B9AC00290B89 /* gsremotehelper */;
			productType = "com.apple.product-type.tool";
		};
		14A671EA1D107DF100C86B5C /* GSRemote Installer */ = {
			isa = PBXNativeTarget;
			buildConfigurationList = 14A671F71D107DF100C86B5C /* Build configuration list for PBXNativeTarget "GSRemote Installer" */;
			buildPhases = (
				14A671E71D107DF100C86B5C /* Sources */,
				14A671E81D107DF100C86B5C /* Frameworks */,
				14A671E91D107DF100C86B5C /* Resources */,
			);
			buildRules = (
			);
			dependencies = (
				14A671FE1D10A47C00C86B5C /* PBXTargetDependency */,
			);
			name = "GSRemote Installer";
			productName = GSRemoteMac;
			productReference = 14A671EB1D107DF100C86B5C /* GSRemote Installer.app */;
			productType = "com.apple.product-type.application";
		};
		7709D65B1D2213220060BBC6 /* GSRemote-iOSExport */ = {
			isa = PBXNativeTarget;
			buildConfigurationList = 7709D66B1D2213220060BBC6 /* Build configuration list for PBXNativeTarget "GSRemote-iOSExport" */;
			buildPhases = (
				7709D65C1D2213220060BBC6 /* Sources */,
				7709D6661D2213220060BBC6 /* Frameworks */,
				7709D6671D2213220060BBC6 /* Resources */,
			);
			buildRules = (
			);
			dependencies = (
			);
			name = "GSRemote-iOSExport";
			productName = GSRemote;
			productReference = 7709D66E1D2213220060BBC6 /* GSRemote-iOSExport.app */;
			productType = "com.apple.product-type.application";
		};
		776AC9971D84F5A1007F8CD8 /* SCTest */ = {
			isa = PBXNativeTarget;
			buildConfigurationList = 776AC9A71D84F5A1007F8CD8 /* Build configuration list for PBXNativeTarget "SCTest" */;
			buildPhases = (
				776AC9941D84F5A1007F8CD8 /* Sources */,
				776AC9951D84F5A1007F8CD8 /* Frameworks */,
				776AC9961D84F5A1007F8CD8 /* Resources */,
			);
			buildRules = (
			);
			dependencies = (
			);
			name = SCTest;
			productName = SCTest;
			productReference = 776AC9981D84F5A1007F8CD8 /* SCTest.app */;
			productType = "com.apple.product-type.application";
		};
/* End PBXNativeTarget section */

/* Begin PBXProject section */
		14757C5F1D00B8F700290B89 /* Project object */ = {
			isa = PBXProject;
			attributes = {
				LastSwiftUpdateCheck = 0730;
				LastUpgradeCheck = 0800;
				ORGANIZATIONNAME = MTVG;
				TargetAttributes = {
					14757C661D00B8F700290B89 = {
						CreatedOnToolsVersion = 7.3;
						DevelopmentTeam = 6J3YFK75V8;
					};
					14757C811D00B9AC00290B89 = {
						CreatedOnToolsVersion = 7.3;
						LastSwiftMigration = 0800;
					};
					14A671EA1D107DF100C86B5C = {
						CreatedOnToolsVersion = 7.3;
						DevelopmentTeam = 6J3YFK75V8;
						LastSwiftMigration = 0800;
					};
					776AC9971D84F5A1007F8CD8 = {
						CreatedOnToolsVersion = 7.3.1;
						DevelopmentTeam = 6J3YFK75V8;
						LastSwiftMigration = 0800;
					};
				};
			};
			buildConfigurationList = 14757C621D00B8F700290B89 /* Build configuration list for PBXProject "GSRemote" */;
			compatibilityVersion = "Xcode 3.2";
			developmentRegion = English;
			hasScannedForEncodings = 0;
			knownRegions = (
				en,
				Base,
			);
			mainGroup = 14757C5E1D00B8F700290B89;
			productRefGroup = 14757C681D00B8F700290B89 /* Products */;
			projectDirPath = "";
			projectRoot = "";
			targets = (
				14757C661D00B8F700290B89 /* GSRemote-iOS */,
				14757C811D00B9AC00290B89 /* gsremotehelper */,
				14A671EA1D107DF100C86B5C /* GSRemote Installer */,
				7709D65B1D2213220060BBC6 /* GSRemote-iOSExport */,
				776AC9971D84F5A1007F8CD8 /* SCTest */,
			);
		};
/* End PBXProject section */

/* Begin PBXResourcesBuildPhase section */
		14757C651D00B8F700290B89 /* Resources */ = {
			isa = PBXResourcesBuildPhase;
			buildActionMask = 2147483647;
			files = (
				14757C751D00B8F700290B89 /* LaunchScreen.storyboard in Resources */,
				14757C721D00B8F700290B89 /* Assets.xcassets in Resources */,
				14757C701D00B8F700290B89 /* Main.storyboard in Resources */,
			);
			runOnlyForDeploymentPostprocessing = 0;
		};
		14A671E91D107DF100C86B5C /* Resources */ = {
			isa = PBXResourcesBuildPhase;
			buildActionMask = 2147483647;
			files = (
				14A671FF1D10A48500C86B5C /* gsremotehelper in Resources */,
				14A671F21D107DF100C86B5C /* Assets.xcassets in Resources */,
				14A671F51D107DF100C86B5C /* Main.storyboard in Resources */,
			);
			runOnlyForDeploymentPostprocessing = 0;
		};
		7709D6671D2213220060BBC6 /* Resources */ = {
			isa = PBXResourcesBuildPhase;
			buildActionMask = 2147483647;
			files = (
				7709D6681D2213220060BBC6 /* LaunchScreen.storyboard in Resources */,
				7709D6691D2213220060BBC6 /* Assets.xcassets in Resources */,
				7709D66A1D2213220060BBC6 /* Main.storyboard in Resources */,
			);
			runOnlyForDeploymentPostprocessing = 0;
		};
		776AC9961D84F5A1007F8CD8 /* Resources */ = {
			isa = PBXResourcesBuildPhase;
			buildActionMask = 2147483647;
			files = (
				776AC9C51D84F6E8007F8CD8 /* LaunchScreen.storyboard in Resources */,
				776AC9C41D84F6E5007F8CD8 /* Assets.xcassets in Resources */,
				776AC9C31D84F6E2007F8CD8 /* Main.storyboard in Resources */,
			);
			runOnlyForDeploymentPostprocessing = 0;
		};
/* End PBXResourcesBuildPhase section */

/* Begin PBXSourcesBuildPhase section */
		14757C631D00B8F700290B89 /* Sources */ = {
			isa = PBXSourcesBuildPhase;
			buildActionMask = 2147483647;
			files = (
				7748BC971D06ADEC00F6B9A5 /* GSBluetoothPeripheral.swift in Sources */,
				77727FB01D2644B30030E64F /* SCBluetoothAdvertiser.swift in Sources */,
				14757C6B1D00B8F700290B89 /* AppDelegate.swift in Sources */,
				7795C4251D28E61C00F3359F /* SCRemoteFile.swift in Sources */,
				77727FAA1D223E480030E64F /* StringExtensions.swift in Sources */,
				7791B3E61D94CC6200ECF7FB /* SCDataReception.swift in Sources */,
				77BE9CA81D28C34200DC1F02 /* SCCommon.swift in Sources */,
				77E6C3B31D2CC6B2009D7CC5 /* SCBluetoothCentralDelegate.swift in Sources */,
				7791B3E01D94CC4600ECF7FB /* SCDataTransmission.swift in Sources */,
				77695D0E1D0A5C4500F8E7B9 /* VolumeHack.swift in Sources */,
				14757C8B1D00B9E300290B89 /* SwiftyJSON.swift in Sources */,
				142D8CDC1D08E14300945AF9 /* GSScanningScreen.swift in Sources */,
				776AC9791D84EC98007F8CD8 /* SCBluetoothPeripheral.swift in Sources */,
				7795C4281D28E6BF00F3359F /* SCPeer.swift in Sources */,
				7795C4231D28E03C00F3359F /* SCBluetoothCentral.swift in Sources */,
				776AC97C1D84ECAC007F8CD8 /* SCBluetoothPeripheralDelegate.swift in Sources */,
				7748BC951D06A65500F6B9A5 /* GSBluetoothScanner.swift in Sources */,
				142D8CDE1D08E36F00945AF9 /* GSPresentationScreen.swift in Sources */,
				77795C701D09346100975383 /* GSConnectionScreen.swift in Sources */,
				14C43E871D0A3A97007A101B /* GSExtraScreen.swift in Sources */,
			);
			runOnlyForDeploymentPostprocessing = 0;
		};
		14757C7E1D00B9AC00290B89 /* Sources */ = {
			isa = PBXSourcesBuildPhase;
			buildActionMask = 2147483647;
			files = (
				77F89C641D0539EA0044624D /* GSChromeBridge.swift in Sources */,
				7795C4261D28E69000F3359F /* SCRemoteFile.swift in Sources */,
				7795C4291D28E6D000F3359F /* SCPeer.swift in Sources */,
				7748BC931D069F8200F6B9A5 /* GSBluetoothCentral.swift in Sources */,
				7791B3E71D94CC6200ECF7FB /* SCDataReception.swift in Sources */,
				776AC97A1D84EC98007F8CD8 /* SCBluetoothPeripheral.swift in Sources */,
				7748BC911D0699C900F6B9A5 /* GSBluetoothAdvertiser.swift in Sources */,
				77727FB11D2647630030E64F /* SCBluetoothAdvertiser.swift in Sources */,
				77E6C3B41D2CC6B2009D7CC5 /* SCBluetoothCentralDelegate.swift in Sources */,
				77BE9CA91D28C41400DC1F02 /* SCCommon.swift in Sources */,
				776AC9771D83875A007F8CD8 /* SCBluetoothCentral.swift in Sources */,
				776AC97D1D84ECAC007F8CD8 /* SCBluetoothPeripheralDelegate.swift in Sources */,
				77727FAB1D223E480030E64F /* StringExtensions.swift in Sources */,
				14757C851D00B9AC00290B89 /* main.swift in Sources */,
				7791B3E11D94CC4600ECF7FB /* SCDataTransmission.swift in Sources */,
				14757C8C1D00B9E300290B89 /* SwiftyJSON.swift in Sources */,
				77392CF61D0BDCDF00EF57E9 /* MouseWheel.m in Sources */,
			);
			runOnlyForDeploymentPostprocessing = 0;
		};
		14A671E71D107DF100C86B5C /* Sources */ = {
			isa = PBXSourcesBuildPhase;
			buildActionMask = 2147483647;
			files = (
				7791B3E81D94CC6200ECF7FB /* SCDataReception.swift in Sources */,
				776AC9AF1D84F5C8007F8CD8 /* SCCommon.swift in Sources */,
				776AC9AC1D84F5C8007F8CD8 /* SCBluetoothCentralDelegate.swift in Sources */,
				776AC9B01D84F5C8007F8CD8 /* SCPeer.swift in Sources */,
				77727FAC1D223E480030E64F /* StringExtensions.swift in Sources */,
				14A671FA1D10858D00C86B5C /* SwiftyJSON.swift in Sources */,
				7791B3E21D94CC4600ECF7FB /* SCDataTransmission.swift in Sources */,
				7738DED91D127AE2006F57DF /* InstallerViewController.swift in Sources */,
				776AC9AE1D84F5C8007F8CD8 /* SCBluetoothPeripheralDelegate.swift in Sources */,
				776AC9AA1D84F5C8007F8CD8 /* SCBluetoothAdvertiser.swift in Sources */,
				776AC9AB1D84F5C8007F8CD8 /* SCBluetoothCentral.swift in Sources */,
				776AC9AD1D84F5C8007F8CD8 /* SCBluetoothPeripheral.swift in Sources */,
				14A671EE1D107DF100C86B5C /* AppDelegate.swift in Sources */,
			);
			runOnlyForDeploymentPostprocessing = 0;
		};
		7709D65C1D2213220060BBC6 /* Sources */ = {
			isa = PBXSourcesBuildPhase;
			buildActionMask = 2147483647;
			files = (
				7709D65D1D2213220060BBC6 /* GSBluetoothPeripheral.swift in Sources */,
				776AC9B11D84F5C9007F8CD8 /* SCBluetoothAdvertiser.swift in Sources */,
				7709D65E1D2213220060BBC6 /* AppDelegate.swift in Sources */,
				77727FAD1D223E480030E64F /* StringExtensions.swift in Sources */,
				7791B3E91D94CC6200ECF7FB /* SCDataReception.swift in Sources */,
				776AC9B41D84F5C9007F8CD8 /* SCBluetoothPeripheral.swift in Sources */,
				776AC9B71D84F5C9007F8CD8 /* SCPeer.swift in Sources */,
				776AC9B21D84F5C9007F8CD8 /* SCBluetoothCentral.swift in Sources */,
				7709D65F1D2213220060BBC6 /* VolumeHack.swift in Sources */,
				7709D6601D2213220060BBC6 /* SwiftyJSON.swift in Sources */,
				776AC9B61D84F5C9007F8CD8 /* SCCommon.swift in Sources */,
				776AC9B31D84F5C9007F8CD8 /* SCBluetoothCentralDelegate.swift in Sources */,
				7791B3E31D94CC4600ECF7FB /* SCDataTransmission.swift in Sources */,
				7709D6611D2213220060BBC6 /* GSScanningScreen.swift in Sources */,
				776AC9B51D84F5C9007F8CD8 /* SCBluetoothPeripheralDelegate.swift in Sources */,
				7709D6621D2213220060BBC6 /* GSBluetoothScanner.swift in Sources */,
				7709D6631D2213220060BBC6 /* GSPresentationScreen.swift in Sources */,
				7709D6641D2213220060BBC6 /* GSConnectionScreen.swift in Sources */,
				7709D6651D2213220060BBC6 /* GSExtraScreen.swift in Sources */,
			);
			runOnlyForDeploymentPostprocessing = 0;
		};
		776AC9941D84F5A1007F8CD8 /* Sources */ = {
			isa = PBXSourcesBuildPhase;
			buildActionMask = 2147483647;
			files = (
				7791B3EA1D94CC6200ECF7FB /* SCDataReception.swift in Sources */,
				776AC9BC1D84F5C9007F8CD8 /* SCBluetoothPeripheralDelegate.swift in Sources */,
				776AC9BA1D84F5C9007F8CD8 /* SCBluetoothCentralDelegate.swift in Sources */,
				776AC9B91D84F5C9007F8CD8 /* SCBluetoothCentral.swift in Sources */,
				776AC9C01D84F5C9007F8CD8 /* StringExtensions.swift in Sources */,
				776AC9C21D84F6D5007F8CD8 /* ViewController.swift in Sources */,
				7791B3E41D94CC4600ECF7FB /* SCDataTransmission.swift in Sources */,
				776AC9BF1D84F5C9007F8CD8 /* SwiftyJSON.swift in Sources */,
				776AC9BB1D84F5C9007F8CD8 /* SCBluetoothPeripheral.swift in Sources */,
				776AC9BE1D84F5C9007F8CD8 /* SCPeer.swift in Sources */,
				776AC9BD1D84F5C9007F8CD8 /* SCCommon.swift in Sources */,
				776AC9C11D84F6D5007F8CD8 /* AppDelegate.swift in Sources */,
				776AC9B81D84F5C9007F8CD8 /* SCBluetoothAdvertiser.swift in Sources */,
			);
			runOnlyForDeploymentPostprocessing = 0;
		};
/* End PBXSourcesBuildPhase section */

/* Begin PBXTargetDependency section */
		14A671FE1D10A47C00C86B5C /* PBXTargetDependency */ = {
			isa = PBXTargetDependency;
			target = 14757C811D00B9AC00290B89 /* gsremotehelper */;
			targetProxy = 14A671FD1D10A47C00C86B5C /* PBXContainerItemProxy */;
		};
/* End PBXTargetDependency section */

/* Begin PBXVariantGroup section */
		14757C6E1D00B8F700290B89 /* Main.storyboard */ = {
			isa = PBXVariantGroup;
			children = (
				14757C6F1D00B8F700290B89 /* Base */,
			);
			name = Main.storyboard;
			sourceTree = "<group>";
		};
		14757C731D00B8F700290B89 /* LaunchScreen.storyboard */ = {
			isa = PBXVariantGroup;
			children = (
				14757C741D00B8F700290B89 /* Base */,
			);
			name = LaunchScreen.storyboard;
			sourceTree = "<group>";
		};
		14A671F31D107DF100C86B5C /* Main.storyboard */ = {
			isa = PBXVariantGroup;
			children = (
				14A671F41D107DF100C86B5C /* Base */,
			);
			name = Main.storyboard;
			sourceTree = "<group>";
		};
		776AC9881D84F587007F8CD8 /* Main.storyboard */ = {
			isa = PBXVariantGroup;
			children = (
				776AC9891D84F587007F8CD8 /* Base */,
			);
			name = Main.storyboard;
			sourceTree = "<group>";
		};
		776AC98D1D84F587007F8CD8 /* LaunchScreen.storyboard */ = {
			isa = PBXVariantGroup;
			children = (
				776AC98E1D84F587007F8CD8 /* Base */,
			);
			name = LaunchScreen.storyboard;
			sourceTree = "<group>";
		};
/* End PBXVariantGroup section */

/* Begin XCBuildConfiguration section */
		14757C771D00B8F700290B89 /* Debug */ = {
			isa = XCBuildConfiguration;
			buildSettings = {
				ALWAYS_SEARCH_USER_PATHS = NO;
				CLANG_ANALYZER_NONNULL = YES;
				CLANG_CXX_LANGUAGE_STANDARD = "gnu++0x";
				CLANG_CXX_LIBRARY = "libc++";
				CLANG_ENABLE_MODULES = YES;
				CLANG_ENABLE_OBJC_ARC = YES;
				CLANG_WARN_BOOL_CONVERSION = YES;
				CLANG_WARN_CONSTANT_CONVERSION = YES;
				CLANG_WARN_DIRECT_OBJC_ISA_USAGE = YES_ERROR;
				CLANG_WARN_EMPTY_BODY = YES;
				CLANG_WARN_ENUM_CONVERSION = YES;
				CLANG_WARN_INFINITE_RECURSION = YES;
				CLANG_WARN_INT_CONVERSION = YES;
				CLANG_WARN_OBJC_ROOT_CLASS = YES_ERROR;
				CLANG_WARN_SUSPICIOUS_MOVE = YES;
				CLANG_WARN_UNREACHABLE_CODE = YES;
				CLANG_WARN__DUPLICATE_METHOD_MATCH = YES;
				"CODE_SIGN_IDENTITY[sdk=iphoneos*]" = "iPhone Developer";
				COPY_PHASE_STRIP = NO;
				DEBUG_INFORMATION_FORMAT = dwarf;
				ENABLE_STRICT_OBJC_MSGSEND = YES;
				ENABLE_TESTABILITY = YES;
				GCC_C_LANGUAGE_STANDARD = gnu99;
				GCC_DYNAMIC_NO_PIC = NO;
				GCC_NO_COMMON_BLOCKS = YES;
				GCC_OPTIMIZATION_LEVEL = 0;
				GCC_PREPROCESSOR_DEFINITIONS = (
					"DEBUG=1",
					"$(inherited)",
				);
				GCC_WARN_64_TO_32_BIT_CONVERSION = YES;
				GCC_WARN_ABOUT_RETURN_TYPE = YES_ERROR;
				GCC_WARN_UNDECLARED_SELECTOR = YES;
				GCC_WARN_UNINITIALIZED_AUTOS = YES_AGGRESSIVE;
				GCC_WARN_UNUSED_FUNCTION = YES;
				GCC_WARN_UNUSED_VARIABLE = YES;
				IPHONEOS_DEPLOYMENT_TARGET = 9.3;
				MTL_ENABLE_DEBUG_INFO = YES;
				ONLY_ACTIVE_ARCH = YES;
				SDKROOT = iphoneos;
				SWIFT_OPTIMIZATION_LEVEL = "-Onone";
			};
			name = Debug;
		};
		14757C781D00B8F700290B89 /* Release */ = {
			isa = XCBuildConfiguration;
			buildSettings = {
				ALWAYS_SEARCH_USER_PATHS = NO;
				CLANG_ANALYZER_NONNULL = YES;
				CLANG_CXX_LANGUAGE_STANDARD = "gnu++0x";
				CLANG_CXX_LIBRARY = "libc++";
				CLANG_ENABLE_MODULES = YES;
				CLANG_ENABLE_OBJC_ARC = YES;
				CLANG_WARN_BOOL_CONVERSION = YES;
				CLANG_WARN_CONSTANT_CONVERSION = YES;
				CLANG_WARN_DIRECT_OBJC_ISA_USAGE = YES_ERROR;
				CLANG_WARN_EMPTY_BODY = YES;
				CLANG_WARN_ENUM_CONVERSION = YES;
				CLANG_WARN_INFINITE_RECURSION = YES;
				CLANG_WARN_INT_CONVERSION = YES;
				CLANG_WARN_OBJC_ROOT_CLASS = YES_ERROR;
				CLANG_WARN_SUSPICIOUS_MOVE = YES;
				CLANG_WARN_UNREACHABLE_CODE = YES;
				CLANG_WARN__DUPLICATE_METHOD_MATCH = YES;
				"CODE_SIGN_IDENTITY[sdk=iphoneos*]" = "iPhone Developer";
				COPY_PHASE_STRIP = NO;
				DEBUG_INFORMATION_FORMAT = "dwarf-with-dsym";
				ENABLE_NS_ASSERTIONS = NO;
				ENABLE_STRICT_OBJC_MSGSEND = YES;
				GCC_C_LANGUAGE_STANDARD = gnu99;
				GCC_NO_COMMON_BLOCKS = YES;
				GCC_WARN_64_TO_32_BIT_CONVERSION = YES;
				GCC_WARN_ABOUT_RETURN_TYPE = YES_ERROR;
				GCC_WARN_UNDECLARED_SELECTOR = YES;
				GCC_WARN_UNINITIALIZED_AUTOS = YES_AGGRESSIVE;
				GCC_WARN_UNUSED_FUNCTION = YES;
				GCC_WARN_UNUSED_VARIABLE = YES;
				IPHONEOS_DEPLOYMENT_TARGET = 9.3;
				MTL_ENABLE_DEBUG_INFO = NO;
				SDKROOT = iphoneos;
				SWIFT_OPTIMIZATION_LEVEL = "-Owholemodule";
				VALIDATE_PRODUCT = YES;
			};
			name = Release;
		};
		14757C7A1D00B8F700290B89 /* Debug */ = {
			isa = XCBuildConfiguration;
			buildSettings = {
				ASSETCATALOG_COMPILER_APPICON_NAME = AppIcon;
				CODE_SIGN_IDENTITY = "iPhone Developer";
				"CODE_SIGN_IDENTITY[sdk=iphoneos*]" = "iPhone Developer";
				INFOPLIST_FILE = GSRemote/Info.plist;
				IPHONEOS_DEPLOYMENT_TARGET = 8.3;
				LD_RUNPATH_SEARCH_PATHS = "$(inherited) @executable_path/Frameworks";
				PRODUCT_BUNDLE_IDENTIFIER = "net.mtvg.internal.GSRemote-iOS";
				PRODUCT_NAME = "$(TARGET_NAME)";
				PROVISIONING_PROFILE = "";
			};
			name = Debug;
		};
		14757C7B1D00B8F700290B89 /* Release */ = {
			isa = XCBuildConfiguration;
			buildSettings = {
				ASSETCATALOG_COMPILER_APPICON_NAME = AppIcon;
				CODE_SIGN_IDENTITY = "iPhone Developer";
				"CODE_SIGN_IDENTITY[sdk=iphoneos*]" = "iPhone Developer";
				INFOPLIST_FILE = GSRemote/Info.plist;
				IPHONEOS_DEPLOYMENT_TARGET = 8.3;
				LD_RUNPATH_SEARCH_PATHS = "$(inherited) @executable_path/Frameworks";
				PRODUCT_BUNDLE_IDENTIFIER = "net.mtvg.internal.GSRemote-iOS";
				PRODUCT_NAME = "$(TARGET_NAME)";
				PROVISIONING_PROFILE = "";
			};
			name = Release;
		};
		14757C871D00B9AC00290B89 /* Debug */ = {
			isa = XCBuildConfiguration;
			buildSettings = {
				CLANG_ENABLE_MODULES = YES;
				CODE_SIGN_IDENTITY = "-";
				LD_RUNPATH_SEARCH_PATHS = "$(inherited) @executable_path/../Frameworks @loader_path/../Frameworks";
				MACOSX_DEPLOYMENT_TARGET = 10.10;
				PRODUCT_NAME = "$(TARGET_NAME)";
				SDKROOT = macosx;
				SWIFT_OBJC_BRIDGING_HEADER = "gsremotehelper/gsremotehelper-Bridging-Header.h";
				SWIFT_OPTIMIZATION_LEVEL = "-Onone";
				SWIFT_VERSION = 2.3;
			};
			name = Debug;
		};
		14757C881D00B9AC00290B89 /* Release */ = {
			isa = XCBuildConfiguration;
			buildSettings = {
				CLANG_ENABLE_MODULES = YES;
				CODE_SIGN_IDENTITY = "-";
				LD_RUNPATH_SEARCH_PATHS = "$(inherited) @executable_path/../Frameworks @loader_path/../Frameworks";
				MACOSX_DEPLOYMENT_TARGET = 10.10;
				PRODUCT_NAME = "$(TARGET_NAME)";
				SDKROOT = macosx;
				SWIFT_OBJC_BRIDGING_HEADER = "gsremotehelper/gsremotehelper-Bridging-Header.h";
				SWIFT_VERSION = 2.3;
			};
			name = Release;
		};
		14A671F81D107DF100C86B5C /* Debug */ = {
			isa = XCBuildConfiguration;
			buildSettings = {
				ASSETCATALOG_COMPILER_APPICON_NAME = AppIcon;
				CODE_SIGN_IDENTITY = "Developer ID Application";
				"CODE_SIGN_IDENTITY[sdk=macosx*]" = "";
				COMBINE_HIDPI_IMAGES = YES;
				INFOPLIST_FILE = GSRemoteMac/Info.plist;
				LD_RUNPATH_SEARCH_PATHS = "$(inherited) @executable_path/../Frameworks";
				MACOSX_DEPLOYMENT_TARGET = 10.10;
				PRODUCT_BUNDLE_IDENTIFIER = "net.mtvg.internal.GSRemote-Mac";
				PRODUCT_NAME = "$(TARGET_NAME)";
				PROVISIONING_PROFILE = "05af9694-0bb6-4ed5-b0a2-5bd8e8df8ef5";
				SDKROOT = macosx;
				SWIFT_VERSION = 2.3;
			};
			name = Debug;
		};
		14A671F91D107DF100C86B5C /* Release */ = {
			isa = XCBuildConfiguration;
			buildSettings = {
				ASSETCATALOG_COMPILER_APPICON_NAME = AppIcon;
				CODE_SIGN_IDENTITY = "Developer ID Application";
				"CODE_SIGN_IDENTITY[sdk=macosx*]" = "";
				COMBINE_HIDPI_IMAGES = YES;
				INFOPLIST_FILE = GSRemoteMac/Info.plist;
				LD_RUNPATH_SEARCH_PATHS = "$(inherited) @executable_path/../Frameworks";
				MACOSX_DEPLOYMENT_TARGET = 10.10;
				PRODUCT_BUNDLE_IDENTIFIER = "net.mtvg.internal.GSRemote-Mac";
				PRODUCT_NAME = "$(TARGET_NAME)";
				PROVISIONING_PROFILE = "05af9694-0bb6-4ed5-b0a2-5bd8e8df8ef5";
				SDKROOT = macosx;
				SWIFT_VERSION = 2.3;
			};
			name = Release;
		};
		7709D66C1D2213220060BBC6 /* Debug */ = {
			isa = XCBuildConfiguration;
			buildSettings = {
				ASSETCATALOG_COMPILER_APPICON_NAME = AppIcon;
				CODE_SIGN_IDENTITY = "iPhone Developer";
				"CODE_SIGN_IDENTITY[sdk=iphoneos*]" = "iPhone Developer";
				INFOPLIST_FILE = "GSRemote-iOS copy-Info.plist";
				IPHONEOS_DEPLOYMENT_TARGET = 8.3;
				LD_RUNPATH_SEARCH_PATHS = "$(inherited) @executable_path/Frameworks";
				PRODUCT_BUNDLE_IDENTIFIER = "net.mtvg.internal.GSRemote-iOS";
				PRODUCT_NAME = "$(TARGET_NAME)";
				PROVISIONING_PROFILE = "06294a5d-5de1-48e3-b079-b5357ba611d1";
			};
			name = Debug;
		};
		7709D66D1D2213220060BBC6 /* Release */ = {
			isa = XCBuildConfiguration;
			buildSettings = {
				ASSETCATALOG_COMPILER_APPICON_NAME = AppIcon;
				CODE_SIGN_IDENTITY = "iPhone Developer";
				"CODE_SIGN_IDENTITY[sdk=iphoneos*]" = "iPhone Developer";
				INFOPLIST_FILE = "GSRemote-iOS copy-Info.plist";
				IPHONEOS_DEPLOYMENT_TARGET = 8.3;
				LD_RUNPATH_SEARCH_PATHS = "$(inherited) @executable_path/Frameworks";
				PRODUCT_BUNDLE_IDENTIFIER = "net.mtvg.internal.GSRemote-iOS";
				PRODUCT_NAME = "$(TARGET_NAME)";
				PROVISIONING_PROFILE = "06294a5d-5de1-48e3-b079-b5357ba611d1";
			};
			name = Release;
		};
		776AC9A81D84F5A1007F8CD8 /* Debug */ = {
			isa = XCBuildConfiguration;
			buildSettings = {
				ASSETCATALOG_COMPILER_APPICON_NAME = AppIcon;
				CODE_SIGN_IDENTITY = "iPhone Developer";
				"CODE_SIGN_IDENTITY[sdk=iphoneos*]" = "iPhone Developer";
				DEVELOPMENT_TEAM = 6J3YFK75V8;
				INFOPLIST_FILE = SCTest/Info.plist;
				IPHONEOS_DEPLOYMENT_TARGET = 9.3;
				LD_RUNPATH_SEARCH_PATHS = "$(inherited) @executable_path/Frameworks";
				PRODUCT_BUNDLE_IDENTIFIER = com.ff0000.redx.click.SCTest;
				PRODUCT_NAME = "$(TARGET_NAME)";
				PROVISIONING_PROFILE = "";
				SWIFT_VERSION = 2.3;
			};
			name = Debug;
		};
		776AC9A91D84F5A1007F8CD8 /* Release */ = {
			isa = XCBuildConfiguration;
			buildSettings = {
				ASSETCATALOG_COMPILER_APPICON_NAME = AppIcon;
				CODE_SIGN_IDENTITY = "iPhone Developer";
				"CODE_SIGN_IDENTITY[sdk=iphoneos*]" = "iPhone Developer";
				DEVELOPMENT_TEAM = 6J3YFK75V8;
				INFOPLIST_FILE = SCTest/Info.plist;
				IPHONEOS_DEPLOYMENT_TARGET = 9.3;
				LD_RUNPATH_SEARCH_PATHS = "$(inherited) @executable_path/Frameworks";
				PRODUCT_BUNDLE_IDENTIFIER = com.ff0000.redx.click.SCTest;
				PRODUCT_NAME = "$(TARGET_NAME)";
				PROVISIONING_PROFILE = "";
				SWIFT_VERSION = 2.3;
			};
			name = Release;
		};
/* End XCBuildConfiguration section */

/* Begin XCConfigurationList section */
		14757C621D00B8F700290B89 /* Build configuration list for PBXProject "GSRemote" */ = {
			isa = XCConfigurationList;
			buildConfigurations = (
				14757C771D00B8F700290B89 /* Debug */,
				14757C781D00B8F700290B89 /* Release */,
			);
			defaultConfigurationIsVisible = 0;
			defaultConfigurationName = Release;
		};
		14757C791D00B8F700290B89 /* Build configuration list for PBXNativeTarget "GSRemote-iOS" */ = {
			isa = XCConfigurationList;
			buildConfigurations = (
				14757C7A1D00B8F700290B89 /* Debug */,
				14757C7B1D00B8F700290B89 /* Release */,
			);
			defaultConfigurationIsVisible = 0;
			defaultConfigurationName = Release;
		};
		14757C861D00B9AC00290B89 /* Build configuration list for PBXNativeTarget "gsremotehelper" */ = {
			isa = XCConfigurationList;
			buildConfigurations = (
				14757C871D00B9AC00290B89 /* Debug */,
				14757C881D00B9AC00290B89 /* Release */,
			);
			defaultConfigurationIsVisible = 0;
			defaultConfigurationName = Release;
		};
		14A671F71D107DF100C86B5C /* Build configuration list for PBXNativeTarget "GSRemote Installer" */ = {
			isa = XCConfigurationList;
			buildConfigurations = (
				14A671F81D107DF100C86B5C /* Debug */,
				14A671F91D107DF100C86B5C /* Release */,
			);
			defaultConfigurationIsVisible = 0;
			defaultConfigurationName = Release;
		};
		7709D66B1D2213220060BBC6 /* Build configuration list for PBXNativeTarget "GSRemote-iOSExport" */ = {
			isa = XCConfigurationList;
			buildConfigurations = (
				7709D66C1D2213220060BBC6 /* Debug */,
				7709D66D1D2213220060BBC6 /* Release */,
			);
			defaultConfigurationIsVisible = 0;
			defaultConfigurationName = Release;
		};
		776AC9A71D84F5A1007F8CD8 /* Build configuration list for PBXNativeTarget "SCTest" */ = {
			isa = XCConfigurationList;
			buildConfigurations = (
				776AC9A81D84F5A1007F8CD8 /* Debug */,
				776AC9A91D84F5A1007F8CD8 /* Release */,
			);
			defaultConfigurationIsVisible = 0;
			defaultConfigurationName = Release;
		};
/* End XCConfigurationList section */
	};
	rootObject = 14757C5F1D00B8F700290B89 /* Project object */;
}
